# This file is autogenerated, do not edit; changes may be undone by the next 'dep ensure'.


[[projects]]
  name = "github.com/DATA-DOG/godog"
  packages = [".","colors","gherkin"]
  revision = "8e7bc15e741c4f6c93c0fc2e797ed869cbc1b8f7"
  version = "v0.7.13"

[[projects]]
  name = "github.com/blang/semver"
  packages = ["."]
  revision = "ba2c2ddd89069b46a7011d4106f6868f17ee1705"
  version = "v3.6.1"

[[projects]]
  name = "github.com/joho/godotenv"
  packages = ["."]
  revision = "23d116af351c84513e1946b527c88823e476be13"
  version = "v1.3.0"

[[projects]]
  name = "github.com/tebeka/selenium"
  packages = [".","chrome","firefox","internal/zip","log"]
  revision = "e24f7b7726ca0d40f51b3ba4c5d5c4ddcb4bae80"
  version = "v0.9.9"

[solve-meta]
  analyzer-name = "dep"
  analyzer-version = 1
  inputs-digest = "5b1bfc2d57976f9f489768ebfc94d0de7caf3c79242647602d0a8bac45c33c98"
  solver-name = "gps-cdcl"
  solver-version = 1
